// !$*UTF8*$!
{
	archiveVersion = 1;
	classes = {
	};
	objectVersion = 50;
	objects = {

/* Begin PBXBuildFile section */
		0E529C94117AD7057FB2D45D /* Pods_AwesomeChuckApp.framework in Frameworks */ = {isa = PBXBuildFile; fileRef = 0CFE5C85A4AA713D38F5532F /* Pods_AwesomeChuckApp.framework */; };
		B525BC2D229F30B500DA9042 /* ChoosenJokeVC.swift in Sources */ = {isa = PBXBuildFile; fileRef = B525BC2C229F30B500DA9042 /* ChoosenJokeVC.swift */; };
		B525BC2F229F35D800DA9042 /* ConvertHtmlQoutesToSwift.swift in Sources */ = {isa = PBXBuildFile; fileRef = B525BC2E229F35D800DA9042 /* ConvertHtmlQoutesToSwift.swift */; };
		B525BC31229F476F00DA9042 /* Constants.swift in Sources */ = {isa = PBXBuildFile; fileRef = B525BC30229F476F00DA9042 /* Constants.swift */; };
		B5404427229DC35C0030640B /* AppDelegate.swift in Sources */ = {isa = PBXBuildFile; fileRef = B5404426229DC35C0030640B /* AppDelegate.swift */; };
		B5404429229DC35C0030640B /* ChuckJokesVC.swift in Sources */ = {isa = PBXBuildFile; fileRef = B5404428229DC35C0030640B /* ChuckJokesVC.swift */; };
		B540442B229DC35C0030640B /* ApiDescriptionVC.swift in Sources */ = {isa = PBXBuildFile; fileRef = B540442A229DC35C0030640B /* ApiDescriptionVC.swift */; };
		B540442E229DC35C0030640B /* Main.storyboard in Resources */ = {isa = PBXBuildFile; fileRef = B540442C229DC35C0030640B /* Main.storyboard */; };
		B5404430229DC35F0030640B /* Assets.xcassets in Resources */ = {isa = PBXBuildFile; fileRef = B540442F229DC35F0030640B /* Assets.xcassets */; };
		B5404433229DC35F0030640B /* LaunchScreen.storyboard in Resources */ = {isa = PBXBuildFile; fileRef = B5404431229DC35F0030640B /* LaunchScreen.storyboard */; };
		B59CC421229E9D9100D3DBB2 /* JokeCell.swift in Sources */ = {isa = PBXBuildFile; fileRef = B59CC420229E9D9100D3DBB2 /* JokeCell.swift */; };
		B59CC424229E9DE800D3DBB2 /* JokeService.swift in Sources */ = {isa = PBXBuildFile; fileRef = B59CC423229E9DE800D3DBB2 /* JokeService.swift */; };
		B59CC426229EA8A400D3DBB2 /* Joke.swift in Sources */ = {isa = PBXBuildFile; fileRef = B59CC425229EA8A400D3DBB2 /* Joke.swift */; };
		B59CC429229EE23E00D3DBB2 /* EnterNumOfJokesVC.swift in Sources */ = {isa = PBXBuildFile; fileRef = B59CC427229EE23E00D3DBB2 /* EnterNumOfJokesVC.swift */; };
		B59CC42A229EE23E00D3DBB2 /* EnterNumOfJokesVC.xib in Resources */ = {isa = PBXBuildFile; fileRef = B59CC428229EE23E00D3DBB2 /* EnterNumOfJokesVC.xib */; };
		B59CC42F229F184000D3DBB2 /* IntExtention.swift in Sources */ = {isa = PBXBuildFile; fileRef = B59CC42E229F184000D3DBB2 /* IntExtention.swift */; };
/* End PBXBuildFile section */

/* Begin PBXFileReference section */
		0CFE5C85A4AA713D38F5532F /* Pods_AwesomeChuckApp.framework */ = {isa = PBXFileReference; explicitFileType = wrapper.framework; includeInIndex = 0; path = Pods_AwesomeChuckApp.framework; sourceTree = BUILT_PRODUCTS_DIR; };
		772FFE04DF104D1CF7667A32 /* Pods-AwesomeChuckApp.debug.xcconfig */ = {isa = PBXFileReference; includeInIndex = 1; lastKnownFileType = text.xcconfig; name = "Pods-AwesomeChuckApp.debug.xcconfig"; path = "Target Support Files/Pods-AwesomeChuckApp/Pods-AwesomeChuckApp.debug.xcconfig"; sourceTree = "<group>"; };
		B525BC2C229F30B500DA9042 /* ChoosenJokeVC.swift */ = {isa = PBXFileReference; lastKnownFileType = sourcecode.swift; path = ChoosenJokeVC.swift; sourceTree = "<group>"; };
		B525BC2E229F35D800DA9042 /* ConvertHtmlQoutesToSwift.swift */ = {isa = PBXFileReference; lastKnownFileType = sourcecode.swift; path = ConvertHtmlQoutesToSwift.swift; sourceTree = "<group>"; };
		B525BC30229F476F00DA9042 /* Constants.swift */ = {isa = PBXFileReference; lastKnownFileType = sourcecode.swift; path = Constants.swift; sourceTree = "<group>"; };
		B5404423229DC35C0030640B /* AwesomeChuckApp.app */ = {isa = PBXFileReference; explicitFileType = wrapper.application; includeInIndex = 0; path = AwesomeChuckApp.app; sourceTree = BUILT_PRODUCTS_DIR; };
		B5404426229DC35C0030640B /* AppDelegate.swift */ = {isa = PBXFileReference; lastKnownFileType = sourcecode.swift; path = AppDelegate.swift; sourceTree = "<group>"; };
		B5404428229DC35C0030640B /* ChuckJokesVC.swift */ = {isa = PBXFileReference; lastKnownFileType = sourcecode.swift; path = ChuckJokesVC.swift; sourceTree = "<group>"; };
		B540442A229DC35C0030640B /* ApiDescriptionVC.swift */ = {isa = PBXFileReference; lastKnownFileType = sourcecode.swift; path = ApiDescriptionVC.swift; sourceTree = "<group>"; };
		B540442D229DC35C0030640B /* Base */ = {isa = PBXFileReference; lastKnownFileType = file.storyboard; name = Base; path = Base.lproj/Main.storyboard; sourceTree = "<group>"; };
		B540442F229DC35F0030640B /* Assets.xcassets */ = {isa = PBXFileReference; lastKnownFileType = folder.assetcatalog; path = Assets.xcassets; sourceTree = "<group>"; };
		B5404432229DC35F0030640B /* Base */ = {isa = PBXFileReference; lastKnownFileType = file.storyboard; name = Base; path = Base.lproj/LaunchScreen.storyboard; sourceTree = "<group>"; };
		B5404434229DC35F0030640B /* Info.plist */ = {isa = PBXFileReference; lastKnownFileType = text.plist.xml; path = Info.plist; sourceTree = "<group>"; };
		B59CC420229E9D9100D3DBB2 /* JokeCell.swift */ = {isa = PBXFileReference; lastKnownFileType = sourcecode.swift; path = JokeCell.swift; sourceTree = "<group>"; };
		B59CC423229E9DE800D3DBB2 /* JokeService.swift */ = {isa = PBXFileReference; lastKnownFileType = sourcecode.swift; path = JokeService.swift; sourceTree = "<group>"; };
		B59CC425229EA8A400D3DBB2 /* Joke.swift */ = {isa = PBXFileReference; lastKnownFileType = sourcecode.swift; path = Joke.swift; sourceTree = "<group>"; };
		B59CC427229EE23E00D3DBB2 /* EnterNumOfJokesVC.swift */ = {isa = PBXFileReference; lastKnownFileType = sourcecode.swift; path = EnterNumOfJokesVC.swift; sourceTree = "<group>"; };
		B59CC428229EE23E00D3DBB2 /* EnterNumOfJokesVC.xib */ = {isa = PBXFileReference; lastKnownFileType = file.xib; path = EnterNumOfJokesVC.xib; sourceTree = "<group>"; };
		B59CC42E229F184000D3DBB2 /* IntExtention.swift */ = {isa = PBXFileReference; lastKnownFileType = sourcecode.swift; path = IntExtention.swift; sourceTree = "<group>"; };
		DF8B865FA85990D03E81B0C1 /* Pods-AwesomeChuckApp.release.xcconfig */ = {isa = PBXFileReference; includeInIndex = 1; lastKnownFileType = text.xcconfig; name = "Pods-AwesomeChuckApp.release.xcconfig"; path = "Target Support Files/Pods-AwesomeChuckApp/Pods-AwesomeChuckApp.release.xcconfig"; sourceTree = "<group>"; };
/* End PBXFileReference section */

/* Begin PBXFrameworksBuildPhase section */
		B5404420229DC35C0030640B /* Frameworks */ = {
			isa = PBXFrameworksBuildPhase;
			buildActionMask = 2147483647;
			files = (
				0E529C94117AD7057FB2D45D /* Pods_AwesomeChuckApp.framework in Frameworks */,
			);
			runOnlyForDeploymentPostprocessing = 0;
		};
/* End PBXFrameworksBuildPhase section */

/* Begin PBXGroup section */
		81CAA5CA9BD5AAFE51CBD87E /* Frameworks */ = {
			isa = PBXGroup;
			children = (
				0CFE5C85A4AA713D38F5532F /* Pods_AwesomeChuckApp.framework */,
			);
			name = Frameworks;
			sourceTree = "<group>";
		};
		B38F4DC3332A66DC52525CAA /* Pods */ = {
			isa = PBXGroup;
			children = (
				772FFE04DF104D1CF7667A32 /* Pods-AwesomeChuckApp.debug.xcconfig */,
				DF8B865FA85990D03E81B0C1 /* Pods-AwesomeChuckApp.release.xcconfig */,
			);
			path = Pods;
			sourceTree = "<group>";
		};
		B540441A229DC35C0030640B = {
			isa = PBXGroup;
			children = (
				B5404425229DC35C0030640B /* AwesomeChuckApp */,
				B5404424229DC35C0030640B /* Products */,
				B38F4DC3332A66DC52525CAA /* Pods */,
				81CAA5CA9BD5AAFE51CBD87E /* Frameworks */,
			);
			sourceTree = "<group>";
		};
		B5404424229DC35C0030640B /* Products */ = {
			isa = PBXGroup;
			children = (
				B5404423229DC35C0030640B /* AwesomeChuckApp.app */,
			);
			name = Products;
			sourceTree = "<group>";
		};
		B5404425229DC35C0030640B /* AwesomeChuckApp */ = {
			isa = PBXGroup;
			children = (
				B59CC42D229F17F500D3DBB2 /* Ext */,
				B59CC42B229EE24400D3DBB2 /* XIB`s */,
				B59CC422229E9DCF00D3DBB2 /* Services */,
				B540443A229E9AD20030640B /* Model */,
				B540443C229E9AEE0030640B /* View */,
				B540443D229E9AF80030640B /* Controller */,
				B5404426229DC35C0030640B /* AppDelegate.swift */,
				B540442C229DC35C0030640B /* Main.storyboard */,
				B540442F229DC35F0030640B /* Assets.xcassets */,
				B5404431229DC35F0030640B /* LaunchScreen.storyboard */,
				B5404434229DC35F0030640B /* Info.plist */,
			);
			path = AwesomeChuckApp;
			sourceTree = "<group>";
		};
		B540443A229E9AD20030640B /* Model */ = {
			isa = PBXGroup;
			children = (
				B59CC425229EA8A400D3DBB2 /* Joke.swift */,
			);
			path = Model;
			sourceTree = "<group>";
		};
		B540443C229E9AEE0030640B /* View */ = {
			isa = PBXGroup;
			children = (
				B59CC420229E9D9100D3DBB2 /* JokeCell.swift */,
			);
			path = View;
			sourceTree = "<group>";
		};
		B540443D229E9AF80030640B /* Controller */ = {
			isa = PBXGroup;
			children = (
				B5404428229DC35C0030640B /* ChuckJokesVC.swift */,
				B540442A229DC35C0030640B /* ApiDescriptionVC.swift */,
				B59CC427229EE23E00D3DBB2 /* EnterNumOfJokesVC.swift */,
				B525BC2C229F30B500DA9042 /* ChoosenJokeVC.swift */,
			);
			path = Controller;
			sourceTree = "<group>";
		};
		B59CC422229E9DCF00D3DBB2 /* Services */ = {
			isa = PBXGroup;
			children = (
				B59CC423229E9DE800D3DBB2 /* JokeService.swift */,
				B525BC30229F476F00DA9042 /* Constants.swift */,
			);
			path = Services;
			sourceTree = "<group>";
		};
		B59CC42B229EE24400D3DBB2 /* XIB`s */ = {
			isa = PBXGroup;
			children = (
				B59CC428229EE23E00D3DBB2 /* EnterNumOfJokesVC.xib */,
			);
			path = "XIB`s";
			sourceTree = "<group>";
		};
		B59CC42D229F17F500D3DBB2 /* Ext */ = {
			isa = PBXGroup;
			children = (
				B59CC42E229F184000D3DBB2 /* IntExtention.swift */,
				B525BC2E229F35D800DA9042 /* ConvertHtmlQoutesToSwift.swift */,
			);
			path = Ext;
			sourceTree = "<group>";
		};
/* End PBXGroup section */

/* Begin PBXNativeTarget section */
		B5404422229DC35C0030640B /* AwesomeChuckApp */ = {
			isa = PBXNativeTarget;
			buildConfigurationList = B5404437229DC35F0030640B /* Build configuration list for PBXNativeTarget "AwesomeChuckApp" */;
			buildPhases = (
				6A27A0362DC1CDAA47B051F1 /* [CP] Check Pods Manifest.lock */,
				B540441F229DC35C0030640B /* Sources */,
				B5404420229DC35C0030640B /* Frameworks */,
				B5404421229DC35C0030640B /* Resources */,
				E18C3C3820743D2C84015C7B /* [CP] Embed Pods Frameworks */,
			);
			buildRules = (
			);
			dependencies = (
			);
			name = AwesomeChuckApp;
			productName = AwesomeChuckApp;
			productReference = B5404423229DC35C0030640B /* AwesomeChuckApp.app */;
			productType = "com.apple.product-type.application";
		};
/* End PBXNativeTarget section */

/* Begin PBXProject section */
		B540441B229DC35C0030640B /* Project object */ = {
			isa = PBXProject;
			attributes = {
				LastSwiftUpdateCheck = 1020;
				LastUpgradeCheck = 1020;
				ORGANIZATIONNAME = "Denis Rakitin";
				TargetAttributes = {
					B5404422229DC35C0030640B = {
						CreatedOnToolsVersion = 10.2.1;
					};
				};
			};
			buildConfigurationList = B540441E229DC35C0030640B /* Build configuration list for PBXProject "AwesomeChuckApp" */;
			compatibilityVersion = "Xcode 9.3";
			developmentRegion = en;
			hasScannedForEncodings = 0;
			knownRegions = (
				en,
				Base,
			);
			mainGroup = B540441A229DC35C0030640B;
			productRefGroup = B5404424229DC35C0030640B /* Products */;
			projectDirPath = "";
			projectRoot = "";
			targets = (
				B5404422229DC35C0030640B /* AwesomeChuckApp */,
			);
		};
/* End PBXProject section */

/* Begin PBXResourcesBuildPhase section */
		B5404421229DC35C0030640B /* Resources */ = {
			isa = PBXResourcesBuildPhase;
			buildActionMask = 2147483647;
			files = (
				B5404433229DC35F0030640B /* LaunchScreen.storyboard in Resources */,
				B5404430229DC35F0030640B /* Assets.xcassets in Resources */,
				B59CC42A229EE23E00D3DBB2 /* EnterNumOfJokesVC.xib in Resources */,
				B540442E229DC35C0030640B /* Main.storyboard in Resources */,
			);
			runOnlyForDeploymentPostprocessing = 0;
		};
/* End PBXResourcesBuildPhase section */

/* Begin PBXShellScriptBuildPhase section */
		6A27A0362DC1CDAA47B051F1 /* [CP] Check Pods Manifest.lock */ = {
			isa = PBXShellScriptBuildPhase;
			buildActionMask = 2147483647;
			files = (
			);
			inputFileListPaths = (
			);
			inputPaths = (
				"${PODS_PODFILE_DIR_PATH}/Podfile.lock",
				"${PODS_ROOT}/Manifest.lock",
			);
			name = "[CP] Check Pods Manifest.lock";
			outputFileListPaths = (
			);
			outputPaths = (
				"$(DERIVED_FILE_DIR)/Pods-AwesomeChuckApp-checkManifestLockResult.txt",
			);
			runOnlyForDeploymentPostprocessing = 0;
			shellPath = /bin/sh;
			shellScript = "diff \"${PODS_PODFILE_DIR_PATH}/Podfile.lock\" \"${PODS_ROOT}/Manifest.lock\" > /dev/null\nif [ $? != 0 ] ; then\n    # print error to STDERR\n    echo \"error: The sandbox is not in sync with the Podfile.lock. Run 'pod install' or update your CocoaPods installation.\" >&2\n    exit 1\nfi\n# This output is used by Xcode 'outputs' to avoid re-running this script phase.\necho \"SUCCESS\" > \"${SCRIPT_OUTPUT_FILE_0}\"\n";
			showEnvVarsInLog = 0;
		};
		E18C3C3820743D2C84015C7B /* [CP] Embed Pods Frameworks */ = {
			isa = PBXShellScriptBuildPhase;
			buildActionMask = 2147483647;
			files = (
			);
			inputFileListPaths = (
			);
			inputPaths = (
				"${PODS_ROOT}/Target Support Files/Pods-AwesomeChuckApp/Pods-AwesomeChuckApp-frameworks.sh",
				"${BUILT_PRODUCTS_DIR}/Alamofire/Alamofire.framework",
				"${BUILT_PRODUCTS_DIR}/SwiftyJSON/SwiftyJSON.framework",
			);
			name = "[CP] Embed Pods Frameworks";
			outputFileListPaths = (
			);
			outputPaths = (
				"${TARGET_BUILD_DIR}/${FRAMEWORKS_FOLDER_PATH}/Alamofire.framework",
				"${TARGET_BUILD_DIR}/${FRAMEWORKS_FOLDER_PATH}/SwiftyJSON.framework",
			);
			runOnlyForDeploymentPostprocessing = 0;
			shellPath = /bin/sh;
			shellScript = "\"${PODS_ROOT}/Target Support Files/Pods-AwesomeChuckApp/Pods-AwesomeChuckApp-frameworks.sh\"\n";
			showEnvVarsInLog = 0;
		};
/* End PBXShellScriptBuildPhase section */

/* Begin PBXSourcesBuildPhase section */
		B540441F229DC35C0030640B /* Sources */ = {
			isa = PBXSourcesBuildPhase;
			buildActionMask = 2147483647;
			files = (
				B59CC424229E9DE800D3DBB2 /* JokeService.swift in Sources */,
				B525BC31229F476F00DA9042 /* Constants.swift in Sources */,
				B525BC2D229F30B500DA9042 /* ChoosenJokeVC.swift in Sources */,
				B525BC2F229F35D800DA9042 /* ConvertHtmlQoutesToSwift.swift in Sources */,
				B540442B229DC35C0030640B /* ApiDescriptionVC.swift in Sources */,
				B59CC426229EA8A400D3DBB2 /* Joke.swift in Sources */,
				B59CC429229EE23E00D3DBB2 /* EnterNumOfJokesVC.swift in Sources */,
				B5404427229DC35C0030640B /* AppDelegate.swift in Sources */,
				B59CC421229E9D9100D3DBB2 /* JokeCell.swift in Sources */,
				B59CC42F229F184000D3DBB2 /* IntExtention.swift in Sources */,
				B5404429229DC35C0030640B /* ChuckJokesVC.swift in Sources */,
			);
			runOnlyForDeploymentPostprocessing = 0;
		};
/* End PBXSourcesBuildPhase section */

/* Begin PBXVariantGroup section */
		B540442C229DC35C0030640B /* Main.storyboard */ = {
			isa = PBXVariantGroup;
			children = (
				B540442D229DC35C0030640B /* Base */,
			);
			name = Main.storyboard;
			sourceTree = "<group>";
		};
		B5404431229DC35F0030640B /* LaunchScreen.storyboard */ = {
			isa = PBXVariantGroup;
			children = (
				B5404432229DC35F0030640B /* Base */,
			);
			name = LaunchScreen.storyboard;
			sourceTree = "<group>";
		};
/* End PBXVariantGroup section */

/* Begin XCBuildConfiguration section */
		B5404435229DC35F0030640B /* Debug */ = {
			isa = XCBuildConfiguration;
			buildSettings = {
				ALWAYS_SEARCH_USER_PATHS = NO;
				CLANG_ANALYZER_NONNULL = YES;
				CLANG_ANALYZER_NUMBER_OBJECT_CONVERSION = YES_AGGRESSIVE;
				CLANG_CXX_LANGUAGE_STANDARD = "gnu++14";
				CLANG_CXX_LIBRARY = "libc++";
				CLANG_ENABLE_MODULES = YES;
				CLANG_ENABLE_OBJC_ARC = YES;
				CLANG_ENABLE_OBJC_WEAK = YES;
				CLANG_WARN_BLOCK_CAPTURE_AUTORELEASING = YES;
				CLANG_WARN_BOOL_CONVERSION = YES;
				CLANG_WARN_COMMA = YES;
				CLANG_WARN_CONSTANT_CONVERSION = YES;
				CLANG_WARN_DEPRECATED_OBJC_IMPLEMENTATIONS = YES;
				CLANG_WARN_DIRECT_OBJC_ISA_USAGE = YES_ERROR;
				CLANG_WARN_DOCUMENTATION_COMMENTS = YES;
				CLANG_WARN_EMPTY_BODY = YES;
				CLANG_WARN_ENUM_CONVERSION = YES;
				CLANG_WARN_INFINITE_RECURSION = YES;
				CLANG_WARN_INT_CONVERSION = YES;
				CLANG_WARN_NON_LITERAL_NULL_CONVERSION = YES;
				CLANG_WARN_OBJC_IMPLICIT_RETAIN_SELF = YES;
				CLANG_WARN_OBJC_LITERAL_CONVERSION = YES;
				CLANG_WARN_OBJC_ROOT_CLASS = YES_ERROR;
				CLANG_WARN_RANGE_LOOP_ANALYSIS = YES;
				CLANG_WARN_STRICT_PROTOTYPES = YES;
				CLANG_WARN_SUSPICIOUS_MOVE = YES;
				CLANG_WARN_UNGUARDED_AVAILABILITY = YES_AGGRESSIVE;
				CLANG_WARN_UNREACHABLE_CODE = YES;
				CLANG_WARN__DUPLICATE_METHOD_MATCH = YES;
				CODE_SIGN_IDENTITY = "iPhone Developer";
				COPY_PHASE_STRIP = NO;
				DEBUG_INFORMATION_FORMAT = dwarf;
				ENABLE_STRICT_OBJC_MSGSEND = YES;
				ENABLE_TESTABILITY = YES;
				GCC_C_LANGUAGE_STANDARD = gnu11;
				GCC_DYNAMIC_NO_PIC = NO;
				GCC_NO_COMMON_BLOCKS = YES;
				GCC_OPTIMIZATION_LEVEL = 0;
				GCC_PREPROCESSOR_DEFINITIONS = (
					"DEBUG=1",
					"$(inherited)",
				);
				GCC_WARN_64_TO_32_BIT_CONVERSION = YES;
				GCC_WARN_ABOUT_RETURN_TYPE = YES_ERROR;
				GCC_WARN_UNDECLARED_SELECTOR = YES;
				GCC_WARN_UNINITIALIZED_AUTOS = YES_AGGRESSIVE;
				GCC_WARN_UNUSED_FUNCTION = YES;
				GCC_WARN_UNUSED_VARIABLE = YES;
				IPHONEOS_DEPLOYMENT_TARGET = 12.2;
				MTL_ENABLE_DEBUG_INFO = INCLUDE_SOURCE;
				MTL_FAST_MATH = YES;
				ONLY_ACTIVE_ARCH = YES;
				SDKROOT = iphoneos;
				SWIFT_ACTIVE_COMPILATION_CONDITIONS = DEBUG;
				SWIFT_OPTIMIZATION_LEVEL = "-Onone";
			};
			name = Debug;
		};
		B5404436229DC35F0030640B /* Release */ = {
			isa = XCBuildConfiguration;
			buildSettings = {
				ALWAYS_SEARCH_USER_PATHS = NO;
				CLANG_ANALYZER_NONNULL = YES;
				CLANG_ANALYZER_NUMBER_OBJECT_CONVERSION = YES_AGGRESSIVE;
				CLANG_CXX_LANGUAGE_STANDARD = "gnu++14";
				CLANG_CXX_LIBRARY = "libc++";
				CLANG_ENABLE_MODULES = YES;
				CLANG_ENABLE_OBJC_ARC = YES;
				CLANG_ENABLE_OBJC_WEAK = YES;
				CLANG_WARN_BLOCK_CAPTURE_AUTORELEASING = YES;
				CLANG_WARN_BOOL_CONVERSION = YES;
				CLANG_WARN_COMMA = YES;
				CLANG_WARN_CONSTANT_CONVERSION = YES;
				CLANG_WARN_DEPRECATED_OBJC_IMPLEMENTATIONS = YES;
				CLANG_WARN_DIRECT_OBJC_ISA_USAGE = YES_ERROR;
				CLANG_WARN_DOCUMENTATION_COMMENTS = YES;
				CLANG_WARN_EMPTY_BODY = YES;
				CLANG_WARN_ENUM_CONVERSION = YES;
				CLANG_WARN_INFINITE_RECURSION = YES;
				CLANG_WARN_INT_CONVERSION = YES;
				CLANG_WARN_NON_LITERAL_NULL_CONVERSION = YES;
				CLANG_WARN_OBJC_IMPLICIT_RETAIN_SELF = YES;
				CLANG_WARN_OBJC_LITERAL_CONVERSION = YES;
				CLANG_WARN_OBJC_ROOT_CLASS = YES_ERROR;
				CLANG_WARN_RANGE_LOOP_ANALYSIS = YES;
				CLANG_WARN_STRICT_PROTOTYPES = YES;
				CLANG_WARN_SUSPICIOUS_MOVE = YES;
				CLANG_WARN_UNGUARDED_AVAILABILITY = YES_AGGRESSIVE;
				CLANG_WARN_UNREACHABLE_CODE = YES;
				CLANG_WARN__DUPLICATE_METHOD_MATCH = YES;
				CODE_SIGN_IDENTITY = "iPhone Developer";
				COPY_PHASE_STRIP = NO;
				DEBUG_INFORMATION_FORMAT = "dwarf-with-dsym";
				ENABLE_NS_ASSERTIONS = NO;
				ENABLE_STRICT_OBJC_MSGSEND = YES;
				GCC_C_LANGUAGE_STANDARD = gnu11;
				GCC_NO_COMMON_BLOCKS = YES;
				GCC_WARN_64_TO_32_BIT_CONVERSION = YES;
				GCC_WARN_ABOUT_RETURN_TYPE = YES_ERROR;
				GCC_WARN_UNDECLARED_SELECTOR = YES;
				GCC_WARN_UNINITIALIZED_AUTOS = YES_AGGRESSIVE;
				GCC_WARN_UNUSED_FUNCTION = YES;
				GCC_WARN_UNUSED_VARIABLE = YES;
				IPHONEOS_DEPLOYMENT_TARGET = 12.2;
				MTL_ENABLE_DEBUG_INFO = NO;
				MTL_FAST_MATH = YES;
				SDKROOT = iphoneos;
				SWIFT_COMPILATION_MODE = wholemodule;
				SWIFT_OPTIMIZATION_LEVEL = "-O";
				VALIDATE_PRODUCT = YES;
			};
			name = Release;
		};
		B5404438229DC35F0030640B /* Debug */ = {
			isa = XCBuildConfiguration;
			baseConfigurationReference = 772FFE04DF104D1CF7667A32 /* Pods-AwesomeChuckApp.debug.xcconfig */;
			buildSettings = {
				ASSETCATALOG_COMPILER_APPICON_NAME = AppIcon;
				CODE_SIGN_STYLE = Automatic;
				DEVELOPMENT_TEAM = 9X329BRT6C;
				INFOPLIST_FILE = AwesomeChuckApp/Info.plist;
				LD_RUNPATH_SEARCH_PATHS = (
					"$(inherited)",
					"@executable_path/Frameworks",
				);
				PRODUCT_BUNDLE_IDENTIFIER = "funny-farm.AwesomeChuckApp";
				PRODUCT_NAME = "$(TARGET_NAME)";
				SWIFT_VERSION = 5.0;
				TARGETED_DEVICE_FAMILY = "1,2";
			};
			name = Debug;
		};
		B5404439229DC35F0030640B /* Release */ = {
			isa = XCBuildConfiguration;
			baseConfigurationReference = DF8B865FA85990D03E81B0C1 /* Pods-AwesomeChuckApp.release.xcconfig */;
			buildSettings = {
				ASSETCATALOG_COMPILER_APPICON_NAME = AppIcon;
				CODE_SIGN_STYLE = Automatic;
				DEVELOPMENT_TEAM = 9X329BRT6C;
				INFOPLIST_FILE = AwesomeChuckApp/Info.plist;
				LD_RUNPATH_SEARCH_PATHS = (
					"$(inherited)",
					"@executable_path/Frameworks",
				);
				PRODUCT_BUNDLE_IDENTIFIER = "funny-farm.AwesomeChuckApp";
				PRODUCT_NAME = "Chuck`s Jokes";
				SWIFT_VERSION = 5.0;
				TARGETED_DEVICE_FAMILY = "1,2";
			};
			name = Release;
		};
/* End XCBuildConfiguration section */

/* Begin XCConfigurationList section */
		B540441E229DC35C0030640B /* Build configuration list for PBXProject "AwesomeChuckApp" */ = {
			isa = XCConfigurationList;
			buildConfigurations = (
				B5404435229DC35F0030640B /* Debug */,
				B5404436229DC35F0030640B /* Release */,
			);
			defaultConfigurationIsVisible = 0;
			defaultConfigurationName = Release;
		};
		B5404437229DC35F0030640B /* Build configuration list for PBXNativeTarget "AwesomeChuckApp" */ = {
			isa = XCConfigurationList;
			buildConfigurations = (
				B5404438229DC35F0030640B /* Debug */,
				B5404439229DC35F0030640B /* Release */,
			);
			defaultConfigurationIsVisible = 0;
			defaultConfigurationName = Release;
		};
/* End XCConfigurationList section */
	};
	rootObject = B540441B229DC35C0030640B /* Project object */;
}
